<?xml version="1.0" encoding="utf-8"?>
<Project ToolsVersion="4.0" xmlns="http://schemas.microsoft.com/developer/msbuild/2003">
  <ItemGroup>
    <Filter Include="src">
      <UniqueIdentifier>{d0b8b113-5bbf-4d31-926b-d3ddaa387021}</UniqueIdentifier>
    </Filter>
    <Filter Include="lib">
      <UniqueIdentifier>{6a1ea4e2-4a7d-4eba-99fc-6a5b2b61d8d2}</UniqueIdentifier>
    </Filter>
    <Filter Include="lib\SFAPI">
      <UniqueIdentifier>{ae72d4b7-403d-4176-b8a6-1c1882832aab}</UniqueIdentifier>
    </Filter>
    <Filter Include="lib\SFAPI\game_api">
      <UniqueIdentifier>{3fdbbce2-8fe2-4368-a045-0dcdf5f1553c}</UniqueIdentifier>
    </Filter>
    <Filter Include="lib\SFAPI\game_api\game">
      <UniqueIdentifier>{487699e8-b851-4eb6-9762-3e610fe02f93}</UniqueIdentifier>
    </Filter>
    <Filter Include="lib\SFAPI\game_api\sdk">
      <UniqueIdentifier>{f8e85a97-9164-4d7d-a8d4-0a30a37090be}</UniqueIdentifier>
    </Filter>
    <Filter Include="lib\SFAPI\game_api\sdk\google">
      <UniqueIdentifier>{014c4f45-4f36-42f1-8d23-4b6a07e1715e}</UniqueIdentifier>
    </Filter>
    <Filter Include="lib\SFAPI\game_api\sdk\google\sparsehash">
      <UniqueIdentifier>{15bf3c0d-34e4-4659-a5ff-4ec21d47ffc4}</UniqueIdentifier>
    </Filter>
    <Filter Include="lib\SFAPI\samp">
      <UniqueIdentifier>{bb4732cd-d283-4b3d-92b4-a84134568be7}</UniqueIdentifier>
    </Filter>
    <Filter Include="lib\SFAPI\samp\v0.3.7-R1">
      <UniqueIdentifier>{f7ec3d5f-947a-43a0-af8b-6ac4a301ec1a}</UniqueIdentifier>
    </Filter>
    <Filter Include="lib\SFAPI\samp\v0.3.7-R3-1">
      <UniqueIdentifier>{e2e8f19c-c890-4d89-9054-af15c136fc29}</UniqueIdentifier>
    </Filter>
    <Filter Include="lib\SFAPI\samp\v0.3.7-R5">
      <UniqueIdentifier>{f0108f95-34ad-4776-955f-91d5fe9fafc8}</UniqueIdentifier>
    </Filter>
    <Filter Include="lib\SFAPI\samp\v0.3.DL">
      <UniqueIdentifier>{8327e829-f2e3-42df-aae2-2d57b7ed5ce6}</UniqueIdentifier>
    </Filter>
  </ItemGroup>
  <ItemGroup>
    <ClCompile Include="src\dllmain.cpp">
      <Filter>src</Filter>
    </ClCompile>
    <ClCompile Include="src\plugin.cpp">
      <Filter>src</Filter>
    </ClCompile>
  </ItemGroup>
  <ItemGroup>
    <ClInclude Include="src\plugin.h">
      <Filter>src</Filter>
    </ClInclude>
  </ItemGroup>
  <ItemGroup>
    <None Include="plugin.props" />
    <None Include="lib\SFAPI\game_api\sdk\google\dense_hash_map">
      <Filter>lib\SFAPI\game_api\sdk\google</Filter>
    </None>
    <None Include="lib\SFAPI\game_api\sdk\google\dense_hash_set">
      <Filter>lib\SFAPI\game_api\sdk\google</Filter>
    </None>
    <None Include="lib\SFAPI\game_api\sdk\google\sparse_hash_map">
      <Filter>lib\SFAPI\game_api\sdk\google</Filter>
    </None>
    <None Include="lib\SFAPI\game_api\sdk\google\sparse_hash_set">
      <Filter>lib\SFAPI\game_api\sdk\google</Filter>
    </None>
    <None Include="lib\SFAPI\game_api\sdk\google\sparsetable">
      <Filter>lib\SFAPI\game_api\sdk\google</Filter>
    </None>
    <None Include="lib\SFAPI\SFSAMP.h">
      <Filter>lib\SFAPI</Filter>
    </None>
    <None Include="lib\SFAPI\game_api\game\C3DMarker.h">
      <Filter>lib\SFAPI\game_api\game</Filter>
    </None>
    <None Include="lib\SFAPI\game_api\game\C3DMarkers.h">
      <Filter>lib\SFAPI\game_api\game</Filter>
    </None>
    <None Include="lib\SFAPI\game_api\game\CAERadioTrackManager.h">
      <Filter>lib\SFAPI\game_api\game</Filter>
    </None>
    <None Include="lib\SFAPI\game_api\game\CAnimBlendAssocGroup.h">
      <Filter>lib\SFAPI\game_api\game</Filter>
    </None>
    <None Include="lib\SFAPI\game_api\game\CAnimBlendAssociation.h">
      <Filter>lib\SFAPI\game_api\game</Filter>
    </None>
    <None Include="lib\SFAPI\game_api\game\CAnimBlendHierarchy.h">
      <Filter>lib\SFAPI\game_api\game</Filter>
    </None>
    <None Include="lib\SFAPI\game_api\game\CAnimBlendSequence.h">
      <Filter>lib\SFAPI\game_api\game</Filter>
    </None>
    <None Include="lib\SFAPI\game_api\game\CAnimBlendStaticAssociation.h">
      <Filter>lib\SFAPI\game_api\game</Filter>
    </None>
    <None Include="lib\SFAPI\game_api\game\CAnimBlock.h">
      <Filter>lib\SFAPI\game_api\game</Filter>
    </None>
    <None Include="lib\SFAPI\game_api\game\CAnimManager.h">
      <Filter>lib\SFAPI\game_api\game</Filter>
    </None>
    <None Include="lib\SFAPI\game_api\game\CAudioContainer.h">
      <Filter>lib\SFAPI\game_api\game</Filter>
    </None>
    <None Include="lib\SFAPI\game_api\game\CAudioEngine.h">
      <Filter>lib\SFAPI\game_api\game</Filter>
    </None>
    <None Include="lib\SFAPI\game_api\game\CAutomobile.h">
      <Filter>lib\SFAPI\game_api\game</Filter>
    </None>
    <None Include="lib\SFAPI\game_api\game\CBike.h">
      <Filter>lib\SFAPI\game_api\game</Filter>
    </None>
    <None Include="lib\SFAPI\game_api\game\CBmx.h">
      <Filter>lib\SFAPI\game_api\game</Filter>
    </None>
    <None Include="lib\SFAPI\game_api\game\CBoat.h">
      <Filter>lib\SFAPI\game_api\game</Filter>
    </None>
    <None Include="lib\SFAPI\game_api\game\CBuilding.h">
      <Filter>lib\SFAPI\game_api\game</Filter>
    </None>
    <None Include="lib\SFAPI\game_api\game\CCam.h">
      <Filter>lib\SFAPI\game_api\game</Filter>
    </None>
    <None Include="lib\SFAPI\game_api\game\CCamera.h">
      <Filter>lib\SFAPI\game_api\game</Filter>
    </None>
    <None Include="lib\SFAPI\game_api\game\CCarEnterExit.h">
      <Filter>lib\SFAPI\game_api\game</Filter>
    </None>
    <None Include="lib\SFAPI\game_api\game\CCarGenerator.h">
      <Filter>lib\SFAPI\game_api\game</Filter>
    </None>
    <None Include="lib\SFAPI\game_api\game\CCheckpoint.h">
      <Filter>lib\SFAPI\game_api\game</Filter>
    </None>
    <None Include="lib\SFAPI\game_api\game\CCheckpoints.h">
      <Filter>lib\SFAPI\game_api\game</Filter>
    </None>
    <None Include="lib\SFAPI\game_api\game\CCivilianPed.h">
      <Filter>lib\SFAPI\game_api\game</Filter>
    </None>
    <None Include="lib\SFAPI\game_api\game\CClock.h">
      <Filter>lib\SFAPI\game_api\game</Filter>
    </None>
    <None Include="lib\SFAPI\game_api\game\CColModel.h">
      <Filter>lib\SFAPI\game_api\game</Filter>
    </None>
    <None Include="lib\SFAPI\game_api\game\CColPoint.h">
      <Filter>lib\SFAPI\game_api\game</Filter>
    </None>
    <None Include="lib\SFAPI\game_api\game\CControllerConfigManager.h">
      <Filter>lib\SFAPI\game_api\game</Filter>
    </None>
    <None Include="lib\SFAPI\game_api\game\CCoronas.h">
      <Filter>lib\SFAPI\game_api\game</Filter>
    </None>
    <None Include="lib\SFAPI\game_api\game\CDamageManager.h">
      <Filter>lib\SFAPI\game_api\game</Filter>
    </None>
    <None Include="lib\SFAPI\game_api\game\CDoor.h">
      <Filter>lib\SFAPI\game_api\game</Filter>
    </None>
    <None Include="lib\SFAPI\game_api\game\CEntity.h">
      <Filter>lib\SFAPI\game_api\game</Filter>
    </None>
    <None Include="lib\SFAPI\game_api\game\CEvent.h">
      <Filter>lib\SFAPI\game_api\game</Filter>
    </None>
    <None Include="lib\SFAPI\game_api\game\CEventDamage.h">
      <Filter>lib\SFAPI\game_api\game</Filter>
    </None>
    <None Include="lib\SFAPI\game_api\game\CEventGroup.h">
      <Filter>lib\SFAPI\game_api\game</Filter>
    </None>
    <None Include="lib\SFAPI\game_api\game\CEventGunShot.h">
      <Filter>lib\SFAPI\game_api\game</Filter>
    </None>
    <None Include="lib\SFAPI\game_api\game\CEventList.h">
      <Filter>lib\SFAPI\game_api\game</Filter>
    </None>
    <None Include="lib\SFAPI\game_api\game\CExplosion.h">
      <Filter>lib\SFAPI\game_api\game</Filter>
    </None>
    <None Include="lib\SFAPI\game_api\game\CExplosionManager.h">
      <Filter>lib\SFAPI\game_api\game</Filter>
    </None>
    <None Include="lib\SFAPI\game_api\game\CFire.h">
      <Filter>lib\SFAPI\game_api\game</Filter>
    </None>
    <None Include="lib\SFAPI\game_api\game\CFireManager.h">
      <Filter>lib\SFAPI\game_api\game</Filter>
    </None>
    <None Include="lib\SFAPI\game_api\game\CFont.h">
      <Filter>lib\SFAPI\game_api\game</Filter>
    </None>
    <None Include="lib\SFAPI\game_api\game\CFx.h">
      <Filter>lib\SFAPI\game_api\game</Filter>
    </None>
    <None Include="lib\SFAPI\game_api\game\CFxManager.h">
      <Filter>lib\SFAPI\game_api\game</Filter>
    </None>
    <None Include="lib\SFAPI\game_api\game\CFxSystem.h">
      <Filter>lib\SFAPI\game_api\game</Filter>
    </None>
    <None Include="lib\SFAPI\game_api\game\CGame.h">
      <Filter>lib\SFAPI\game_api\game</Filter>
    </None>
    <None Include="lib\SFAPI\game_api\game\CGarage.h">
      <Filter>lib\SFAPI\game_api\game</Filter>
    </None>
    <None Include="lib\SFAPI\game_api\game\CGarages.h">
      <Filter>lib\SFAPI\game_api\game</Filter>
    </None>
    <None Include="lib\SFAPI\game_api\game\CHandlingEntry.h">
      <Filter>lib\SFAPI\game_api\game</Filter>
    </None>
    <None Include="lib\SFAPI\game_api\game\CHandlingManager.h">
      <Filter>lib\SFAPI\game_api\game</Filter>
    </None>
    <None Include="lib\SFAPI\game_api\game\CHud.h">
      <Filter>lib\SFAPI\game_api\game</Filter>
    </None>
    <None Include="lib\SFAPI\game_api\game\CKeyGen.h">
      <Filter>lib\SFAPI\game_api\game</Filter>
    </None>
    <None Include="lib\SFAPI\game_api\game\CMarker.h">
      <Filter>lib\SFAPI\game_api\game</Filter>
    </None>
    <None Include="lib\SFAPI\game_api\game\CMenuManager.h">
      <Filter>lib\SFAPI\game_api\game</Filter>
    </None>
    <None Include="lib\SFAPI\game_api\game\CModelInfo.h">
      <Filter>lib\SFAPI\game_api\game</Filter>
    </None>
    <None Include="lib\SFAPI\game_api\game\CMonsterTruck.h">
      <Filter>lib\SFAPI\game_api\game</Filter>
    </None>
    <None Include="lib\SFAPI\game_api\game\CObject.h">
      <Filter>lib\SFAPI\game_api\game</Filter>
    </None>
    <None Include="lib\SFAPI\game_api\game\Common.h">
      <Filter>lib\SFAPI\game_api\game</Filter>
    </None>
    <None Include="lib\SFAPI\game_api\game\CPad.h">
      <Filter>lib\SFAPI\game_api\game</Filter>
    </None>
    <None Include="lib\SFAPI\game_api\game\CParticle.h">
      <Filter>lib\SFAPI\game_api\game</Filter>
    </None>
    <None Include="lib\SFAPI\game_api\game\CParticleObject.h">
      <Filter>lib\SFAPI\game_api\game</Filter>
    </None>
    <None Include="lib\SFAPI\game_api\game\CParticleSystemManager.h">
      <Filter>lib\SFAPI\game_api\game</Filter>
    </None>
    <None Include="lib\SFAPI\game_api\game\CPathFind.h">
      <Filter>lib\SFAPI\game_api\game</Filter>
    </None>
    <None Include="lib\SFAPI\game_api\game\CPed.h">
      <Filter>lib\SFAPI\game_api\game</Filter>
    </None>
    <None Include="lib\SFAPI\game_api\game\CPedDamageResponse.h">
      <Filter>lib\SFAPI\game_api\game</Filter>
    </None>
    <None Include="lib\SFAPI\game_api\game\CPedDamageResponseCalculator.h">
      <Filter>lib\SFAPI\game_api\game</Filter>
    </None>
    <None Include="lib\SFAPI\game_api\game\CPedIK.h">
      <Filter>lib\SFAPI\game_api\game</Filter>
    </None>
    <None Include="lib\SFAPI\game_api\game\CPedIntelligence.h">
      <Filter>lib\SFAPI\game_api\game</Filter>
    </None>
    <None Include="lib\SFAPI\game_api\game\CPedModelInfo.h">
      <Filter>lib\SFAPI\game_api\game</Filter>
    </None>
    <None Include="lib\SFAPI\game_api\game\CPedSound.h">
      <Filter>lib\SFAPI\game_api\game</Filter>
    </None>
    <None Include="lib\SFAPI\game_api\game\CPhysical.h">
      <Filter>lib\SFAPI\game_api\game</Filter>
    </None>
    <None Include="lib\SFAPI\game_api\game\CPickup.h">
      <Filter>lib\SFAPI\game_api\game</Filter>
    </None>
    <None Include="lib\SFAPI\game_api\game\CPickups.h">
      <Filter>lib\SFAPI\game_api\game</Filter>
    </None>
    <None Include="lib\SFAPI\game_api\game\CPlane.h">
      <Filter>lib\SFAPI\game_api\game</Filter>
    </None>
    <None Include="lib\SFAPI\game_api\game\CPlayerInfo.h">
      <Filter>lib\SFAPI\game_api\game</Filter>
    </None>
    <None Include="lib\SFAPI\game_api\game\CPlayerPed.h">
      <Filter>lib\SFAPI\game_api\game</Filter>
    </None>
    <None Include="lib\SFAPI\game_api\game\CPointLights.h">
      <Filter>lib\SFAPI\game_api\game</Filter>
    </None>
    <None Include="lib\SFAPI\game_api\game\CPools.h">
      <Filter>lib\SFAPI\game_api\game</Filter>
    </None>
    <None Include="lib\SFAPI\game_api\game\CPopulation.h">
      <Filter>lib\SFAPI\game_api\game</Filter>
    </None>
    <None Include="lib\SFAPI\game_api\game\CProjectile.h">
      <Filter>lib\SFAPI\game_api\game</Filter>
    </None>
    <None Include="lib\SFAPI\game_api\game\CProjectileInfo.h">
      <Filter>lib\SFAPI\game_api\game</Filter>
    </None>
    <None Include="lib\SFAPI\game_api\game\CQuadBike.h">
      <Filter>lib\SFAPI\game_api\game</Filter>
    </None>
    <None Include="lib\SFAPI\game_api\game\CRadar.h">
      <Filter>lib\SFAPI\game_api\game</Filter>
    </None>
    <None Include="lib\SFAPI\game_api\game\CRegisteredCorona.h">
      <Filter>lib\SFAPI\game_api\game</Filter>
    </None>
    <None Include="lib\SFAPI\game_api\game\CRemote.h">
      <Filter>lib\SFAPI\game_api\game</Filter>
    </None>
    <None Include="lib\SFAPI\game_api\game\CRenderWare.h">
      <Filter>lib\SFAPI\game_api\game</Filter>
    </None>
    <None Include="lib\SFAPI\game_api\game\CRestart.h">
      <Filter>lib\SFAPI\game_api\game</Filter>
    </None>
    <None Include="lib\SFAPI\game_api\game\CRopes.h">
      <Filter>lib\SFAPI\game_api\game</Filter>
    </None>
    <None Include="lib\SFAPI\game_api\game\CSettings.h">
      <Filter>lib\SFAPI\game_api\game</Filter>
    </None>
    <None Include="lib\SFAPI\game_api\game\CStats.h">
      <Filter>lib\SFAPI\game_api\game</Filter>
    </None>
    <None Include="lib\SFAPI\game_api\game\CStreaming.h">
      <Filter>lib\SFAPI\game_api\game</Filter>
    </None>
    <None Include="lib\SFAPI\game_api\game\CTaskManagementSystem.h">
      <Filter>lib\SFAPI\game_api\game</Filter>
    </None>
    <None Include="lib\SFAPI\game_api\game\CTaskManager.h">
      <Filter>lib\SFAPI\game_api\game</Filter>
    </None>
    <None Include="lib\SFAPI\game_api\game\CTasks.h">
      <Filter>lib\SFAPI\game_api\game</Filter>
    </None>
    <None Include="lib\SFAPI\game_api\game\CText.h">
      <Filter>lib\SFAPI\game_api\game</Filter>
    </None>
    <None Include="lib\SFAPI\game_api\game\CTheCarGenerators.h">
      <Filter>lib\SFAPI\game_api\game</Filter>
    </None>
    <None Include="lib\SFAPI\game_api\game\CTrailer.h">
      <Filter>lib\SFAPI\game_api\game</Filter>
    </None>
    <None Include="lib\SFAPI\game_api\game\CVehicle.h">
      <Filter>lib\SFAPI\game_api\game</Filter>
    </None>
    <None Include="lib\SFAPI\game_api\game\CVehicleScanner.h">
      <Filter>lib\SFAPI\game_api\game</Filter>
    </None>
    <None Include="lib\SFAPI\game_api\game\CVisibilityPlugins.h">
      <Filter>lib\SFAPI\game_api\game</Filter>
    </None>
    <None Include="lib\SFAPI\game_api\game\CWanted.h">
      <Filter>lib\SFAPI\game_api\game</Filter>
    </None>
    <None Include="lib\SFAPI\game_api\game\CWater.h">
      <Filter>lib\SFAPI\game_api\game</Filter>
    </None>
    <None Include="lib\SFAPI\game_api\game\CWaterManager.h">
      <Filter>lib\SFAPI\game_api\game</Filter>
    </None>
    <None Include="lib\SFAPI\game_api\game\CWeapon.h">
      <Filter>lib\SFAPI\game_api\game</Filter>
    </None>
    <None Include="lib\SFAPI\game_api\game\CWeaponInfo.h">
      <Filter>lib\SFAPI\game_api\game</Filter>
    </None>
    <None Include="lib\SFAPI\game_api\game\CWeaponStat.h">
      <Filter>lib\SFAPI\game_api\game</Filter>
    </None>
    <None Include="lib\SFAPI\game_api\game\CWeaponStatManager.h">
      <Filter>lib\SFAPI\game_api\game</Filter>
    </None>
    <None Include="lib\SFAPI\game_api\game\CWeather.h">
      <Filter>lib\SFAPI\game_api\game</Filter>
    </None>
    <None Include="lib\SFAPI\game_api\game\CWorld.h">
      <Filter>lib\SFAPI\game_api\game</Filter>
    </None>
    <None Include="lib\SFAPI\game_api\game\RenderWare.h">
      <Filter>lib\SFAPI\game_api\game</Filter>
    </None>
    <None Include="lib\SFAPI\game_api\game\Task.h">
      <Filter>lib\SFAPI\game_api\game</Filter>
    </None>
    <None Include="lib\SFAPI\game_api\game\TaskAttack.h">
      <Filter>lib\SFAPI\game_api\game</Filter>
    </None>
    <None Include="lib\SFAPI\game_api\game\TaskBasic.h">
      <Filter>lib\SFAPI\game_api\game</Filter>
    </None>
    <None Include="lib\SFAPI\game_api\game\TaskCar.h">
      <Filter>lib\SFAPI\game_api\game</Filter>
    </None>
    <None Include="lib\SFAPI\game_api\game\TaskCarAccessories.h">
      <Filter>lib\SFAPI\game_api\game</Filter>
    </None>
    <None Include="lib\SFAPI\game_api\game\TaskGoTo.h">
      <Filter>lib\SFAPI\game_api\game</Filter>
    </None>
    <None Include="lib\SFAPI\game_api\game\TaskIK.h">
      <Filter>lib\SFAPI\game_api\game</Filter>
    </None>
    <None Include="lib\SFAPI\game_api\game\TaskJumpFall.h">
      <Filter>lib\SFAPI\game_api\game</Filter>
    </None>
    <None Include="lib\SFAPI\game_api\game\TaskPhysicalResponse.h">
      <Filter>lib\SFAPI\game_api\game</Filter>
    </None>
    <None Include="lib\SFAPI\game_api\game\TaskSecondary.h">
      <Filter>lib\SFAPI\game_api\game</Filter>
    </None>
    <None Include="lib\SFAPI\game_api\game\TaskTypes.h">
      <Filter>lib\SFAPI\game_api\game</Filter>
    </None>
    <None Include="lib\SFAPI\game_api\sdk\google\sparsehash\densehashtable.h">
      <Filter>lib\SFAPI\game_api\sdk\google\sparsehash</Filter>
    </None>
    <None Include="lib\SFAPI\game_api\sdk\google\sparsehash\sparseconfig.h">
      <Filter>lib\SFAPI\game_api\sdk\google\sparsehash</Filter>
    </None>
    <None Include="lib\SFAPI\game_api\sdk\google\sparsehash\sparsehashtable.h">
      <Filter>lib\SFAPI\game_api\sdk\google\sparsehash</Filter>
    </None>
    <None Include="lib\SFAPI\game_api\sdk\google\type_traits.h">
      <Filter>lib\SFAPI\game_api\sdk\google</Filter>
    </None>
    <None Include="lib\SFAPI\game_api\sdk\CBox.h">
      <Filter>lib\SFAPI\game_api\sdk</Filter>
    </None>
    <None Include="lib\SFAPI\game_api\sdk\CMatrix.h">
      <Filter>lib\SFAPI\game_api\sdk</Filter>
    </None>
    <None Include="lib\SFAPI\game_api\sdk\CMatrix_Pad.h">
      <Filter>lib\SFAPI\game_api\sdk</Filter>
    </None>
    <None Include="lib\SFAPI\game_api\sdk\CQuat.h">
      <Filter>lib\SFAPI\game_api\sdk</Filter>
    </None>
    <None Include="lib\SFAPI\game_api\sdk\CRect2D.h">
      <Filter>lib\SFAPI\game_api\sdk</Filter>
    </None>
    <None Include="lib\SFAPI\game_api\sdk\CSphere.h">
      <Filter>lib\SFAPI\game_api\sdk</Filter>
    </None>
    <None Include="lib\SFAPI\game_api\sdk\CVector.h">
      <Filter>lib\SFAPI\game_api\sdk</Filter>
    </None>
    <None Include="lib\SFAPI\game_api\sdk\CVector2D.h">
      <Filter>lib\SFAPI\game_api\sdk</Filter>
    </None>
    <None Include="lib\SFAPI\game_api\sdk\CVector4D.h">
      <Filter>lib\SFAPI\game_api\sdk</Filter>
    </None>
    <None Include="lib\SFAPI\game_api\sdk\SharedUtil.Buffer.h">
      <Filter>lib\SFAPI\game_api\sdk</Filter>
    </None>
    <None Include="lib\SFAPI\game_api\sdk\SharedUtil.FastHashMap.h">
      <Filter>lib\SFAPI\game_api\sdk</Filter>
    </None>
    <None Include="lib\SFAPI\game_api\sdk\SharedUtil.FastHashSet.h">
      <Filter>lib\SFAPI\game_api\sdk</Filter>
    </None>
    <None Include="lib\SFAPI\game_api\sdk\SharedUtil.Game.h">
      <Filter>lib\SFAPI\game_api\sdk</Filter>
    </None>
    <None Include="lib\SFAPI\game_api\sdk\SharedUtil.Game.hpp">
      <Filter>lib\SFAPI\game_api\sdk</Filter>
    </None>
    <None Include="lib\SFAPI\game_api\sdk\SharedUtil.h">
      <Filter>lib\SFAPI\game_api\sdk</Filter>
    </None>
    <None Include="lib\SFAPI\game_api\sdk\SharedUtil.HashMap.h">
      <Filter>lib\SFAPI\game_api\sdk</Filter>
    </None>
    <None Include="lib\SFAPI\game_api\sdk\SharedUtil.hpp">
      <Filter>lib\SFAPI\game_api\sdk</Filter>
    </None>
    <None Include="lib\SFAPI\game_api\sdk\SharedUtil.Map.h">
      <Filter>lib\SFAPI\game_api\sdk</Filter>
    </None>
    <None Include="lib\SFAPI\game_api\sdk\SharedUtil.MemAccess.h">
      <Filter>lib\SFAPI\game_api\sdk</Filter>
    </None>
    <None Include="lib\SFAPI\game_api\sdk\SharedUtil.MemAccess.hpp">
      <Filter>lib\SFAPI\game_api\sdk</Filter>
    </None>
    <None Include="lib\SFAPI\game_api\sdk\SharedUtil.Misc.h">
      <Filter>lib\SFAPI\game_api\sdk</Filter>
    </None>
    <None Include="lib\SFAPI\game_api\sdk\SharedUtil.Misc.hpp">
      <Filter>lib\SFAPI\game_api\sdk</Filter>
    </None>
    <None Include="lib\SFAPI\game_api\sdk\SharedUtil.Time.h">
      <Filter>lib\SFAPI\game_api\sdk</Filter>
    </None>
    <None Include="lib\SFAPI\game_api\sdk\SharedUtil.Time.hpp">
      <Filter>lib\SFAPI\game_api\sdk</Filter>
    </None>
    <None Include="lib\SFAPI\game_api\sdk\SString.h">
      <Filter>lib\SFAPI\game_api\sdk</Filter>
    </None>
    <None Include="lib\SFAPI\game_api\sdk\SString.hpp">
      <Filter>lib\SFAPI\game_api\sdk</Filter>
    </None>
    <None Include="lib\SFAPI\game_api\sdk\UTF8.h">
      <Filter>lib\SFAPI\game_api\sdk</Filter>
    </None>
    <None Include="lib\SFAPI\game_api\sdk\UTF8Detect.cpp">
      <Filter>lib\SFAPI\game_api\sdk</Filter>
    </None>
    <None Include="lib\SFAPI\game_api\sdk\WString.h">
      <Filter>lib\SFAPI\game_api\sdk</Filter>
    </None>
    <None Include="lib\SFAPI\game_api\sdk\WString.hpp">
      <Filter>lib\SFAPI\game_api\sdk</Filter>
    </None>
    <None Include="lib\SFAPI\samp\v0.3.7-R1\SFSAMP.h">
      <Filter>lib\SFAPI\samp\v0.3.7-R1</Filter>
    </None>
    <None Include="lib\SFAPI\samp\v0.3.7-R3-1\SFSAMP.h">
      <Filter>lib\SFAPI\samp\v0.3.7-R3-1</Filter>
    </None>
    <None Include="lib\SFAPI\samp\v0.3.7-R5\SFSAMP.h">
      <Filter>lib\SFAPI\samp\v0.3.7-R5</Filter>
    </None>
    <None Include="lib\SFAPI\samp\v0.3.DL\SFSAMP.h">
      <Filter>lib\SFAPI\samp\v0.3.DL</Filter>
    </None>
    <None Include="lib\SFAPI\game_api.h">
      <Filter>lib\SFAPI</Filter>
    </None>
    <None Include="lib\SFAPI\SAMPFUNCS.h">
      <Filter>lib\SFAPI</Filter>
    </None>
    <None Include="lib\SFAPI\SAMPFUNCS_API.h">
      <Filter>lib\SFAPI</Filter>
    </None>
    <None Include="lib\SFAPI\SFCLEO.h">
      <Filter>lib\SFAPI</Filter>
    </None>
    <None Include="lib\SFAPI\SFCommand.h">
      <Filter>lib\SFAPI</Filter>
    </None>
    <None Include="lib\SFAPI\SFCommon.h">
      <Filter>lib\SFAPI</Filter>
    </None>
    <None Include="lib\SFAPI\SFGame.h">
      <Filter>lib\SFAPI</Filter>
    </None>
    <None Include="lib\SFAPI\SFPlugin.h">
      <Filter>lib\SFAPI</Filter>
    </None>
    <None Include="lib\SFAPI\SFRakNet.h">
      <Filter>lib\SFAPI</Filter>
    </None>
    <None Include="lib\SFAPI\SFRender.h">
      <Filter>lib\SFAPI</Filter>
    </None>
    <None Include="lib\SFAPI\SAMPFUNCS.lib">
      <Filter>lib\SFAPI</Filter>
    </None>
  </ItemGroup>
</Project>